
Microsoft Visual Studio Solution File, Format Version 12.00
# Visual Studio Version 17
VisualStudioVersion = 17.1.31911.260
MinimumVisualStudioVersion = 10.0.40219.1
Project("{FAE04EC0-301F-11D3-BF4B-00C04F79EFBC}") = "EmploymentApi", "EmploymentApi\EmploymentApi.csproj", "{3A1F8FDE-5878-4E5E-9F79-0070EEBB600B}"
EndProject
Project("{FAE04EC0-301F-11D3-BF4B-00C04F79EFBC}") = "EducationApi", "EducationApi\EducationApi.csproj", "{A4886E62-8704-4515-A577-63A2373A3B79}"
EndProject
Project("{FAE04EC0-301F-11D3-BF4B-00C04F79EFBC}") = "SkillsApi", "SkillsApi\SkillsApi.csproj", "{20DC9F06-CF22-4155-BEFD-194D5CF7F1B7}"
EndProject
Project("{FAE04EC0-301F-11D3-BF4B-00C04F79EFBC}") = "PortfolioApp", "PortfolioApp\PortfolioApp.csproj", "{F336AC98-A68C-49AB-9A98-BDEFD711E9B3}"
EndProject
Global
	GlobalSection(SolutionConfigurationPlatforms) = preSolution
		Debug|Any CPU = Debug|Any CPU
		Release|Any CPU = Release|Any CPU
	EndGlobalSection
	GlobalSection(ProjectConfigurationPlatforms) = postSolution
		{3A1F8FDE-5878-4E5E-9F79-0070EEBB600B}.Debug|Any CPU.ActiveCfg = Debug|Any CPU
		{3A1F8FDE-5878-4E5E-9F79-0070EEBB600B}.Debug|Any CPU.Build.0 = Debug|Any CPU
		{3A1F8FDE-5878-4E5E-9F79-0070EEBB600B}.Release|Any CPU.ActiveCfg = Release|Any CPU
		{3A1F8FDE-5878-4E5E-9F79-0070EEBB600B}.Release|Any CPU.Build.0 = Release|Any CPU
		{A4886E62-8704-4515-A577-63A2373A3B79}.Debug|Any CPU.ActiveCfg = Debug|Any CPU
		{A4886E62-8704-4515-A577-63A2373A3B79}.Debug|Any CPU.Build.0 = Debug|Any CPU
		{A4886E62-8704-4515-A577-63A2373A3B79}.Release|Any CPU.ActiveCfg = Release|Any CPU
		{A4886E62-8704-4515-A577-63A2373A3B79}.Release|Any CPU.Build.0 = Release|Any CPU
		{20DC9F06-CF22-4155-BEFD-194D5CF7F1B7}.Debug|Any CPU.ActiveCfg = Debug|Any CPU
		{20DC9F06-CF22-4155-BEFD-194D5CF7F1B7}.Debug|Any CPU.Build.0 = Debug|Any CPU
		{20DC9F06-CF22-4155-BEFD-194D5CF7F1B7}.Release|Any CPU.ActiveCfg = Release|Any CPU
		{20DC9F06-CF22-4155-BEFD-194D5CF7F1B7}.Release|Any CPU.Build.0 = Release|Any CPU
		{F336AC98-A68C-49AB-9A98-BDEFD711E9B3}.Debug|Any CPU.ActiveCfg = Debug|Any CPU
		{F336AC98-A68C-49AB-9A98-BDEFD711E9B3}.Debug|Any CPU.Build.0 = Debug|Any CPU
		{F336AC98-A68C-49AB-9A98-BDEFD711E9B3}.Debug|Any CPU.Deploy.0 = Debug|Any CPU
		{F336AC98-A68C-49AB-9A98-BDEFD711E9B3}.Release|Any CPU.ActiveCfg = Release|Any CPU
		{F336AC98-A68C-49AB-9A98-BDEFD711E9B3}.Release|Any CPU.Build.0 = Release|Any CPU
		{F336AC98-A68C-49AB-9A98-BDEFD711E9B3}.Release|Any CPU.Deploy.0 = Release|Any CPU
	EndGlobalSection
	GlobalSection(SolutionProperties) = preSolution
		HideSolutionNode = FALSE
	EndGlobalSection
	GlobalSection(ExtensibilityGlobals) = postSolution
		SolutionGuid = {4DC6CEF7-45E5-4725-9960-B15C00B3013E}
	EndGlobalSection
EndGlobal
